
Microsoft Visual Studio Solution File, Format Version 12.00
# Visual Studio 15
VisualStudioVersion = 15.0.27703.2035
MinimumVisualStudioVersion = 10.0.40219.1
Project("{FAE04EC0-301F-11D3-BF4B-00C04F79EFBC}") = "GIG-HUB", "GIG-HUB\GIG-HUB.csproj", "{445C205E-0542-4B5B-875F-950C264B4C79}"
EndProject
Global
	GlobalSection(SolutionConfigurationPlatforms) = preSolution
		Debug|Any CPU = Debug|Any CPU
		Release|Any CPU = Release|Any CPU
	EndGlobalSection
	GlobalSection(ProjectConfigurationPlatforms) = postSolution
		{445C205E-0542-4B5B-875F-950C264B4C79}.Debug|Any CPU.ActiveCfg = Debug|Any CPU
		{445C205E-0542-4B5B-875F-950C264B4C79}.Debug|Any CPU.Build.0 = Debug|Any CPU
		{445C205E-0542-4B5B-875F-950C264B4C79}.Release|Any CPU.ActiveCfg = Release|Any CPU
		{445C205E-0542-4B5B-875F-950C264B4C79}.Release|Any CPU.Build.0 = Release|Any CPU
	EndGlobalSection
	GlobalSection(SolutionProperties) = preSolution
		HideSolutionNode = FALSE
	EndGlobalSection
	GlobalSection(ExtensibilityGlobals) = postSolution
		SolutionGuid = {0A5F6B8F-3D77-44ED-8367-AA88E22F086A}
	EndGlobalSection
EndGlobal
